
Microsoft Visual Studio Solution File, Format Version 12.00
# Visual Studio Version 17
VisualStudioVersion = 17.4.33403.182
MinimumVisualStudioVersion = 10.0.40219.1
Project("{9A19103F-16F7-4668-BE54-9A1E7A4F7556}") = "BioImager", "BioImager.csproj", "{CC49B76C-BE6F-4094-8554-072028B4D391}"
EndProject
Project("{9A19103F-16F7-4668-BE54-9A1E7A4F7556}") = "BioImagerApp", "..\..\BioImagerApp\BioImagerApp\BioImagerApp.csproj", "{E1764F8A-42FF-42FA-9C20-71773582243A}"
EndProject
Project("{FAE04EC0-301F-11D3-BF4B-00C04F79EFBC}") = "MicroscopeConsole", "..\..\RepoErik\MicroscopeConsole\MicroscopeConsole\MicroscopeConsole\MicroscopeConsole.csproj", "{A78B58AD-F086-4F44-8C99-51D68E225AA7}"
EndProject
Global
	GlobalSection(SolutionConfigurationPlatforms) = preSolution
		Debug|Any CPU = Debug|Any CPU
		Release|Any CPU = Release|Any CPU
	EndGlobalSection
	GlobalSection(ProjectConfigurationPlatforms) = postSolution
		{CC49B76C-BE6F-4094-8554-072028B4D391}.Debug|Any CPU.ActiveCfg = Debug|Any CPU
		{CC49B76C-BE6F-4094-8554-072028B4D391}.Debug|Any CPU.Build.0 = Debug|Any CPU
		{CC49B76C-BE6F-4094-8554-072028B4D391}.Release|Any CPU.ActiveCfg = Release|Any CPU
		{CC49B76C-BE6F-4094-8554-072028B4D391}.Release|Any CPU.Build.0 = Release|Any CPU
		{E1764F8A-42FF-42FA-9C20-71773582243A}.Debug|Any CPU.ActiveCfg = Debug|Any CPU
		{E1764F8A-42FF-42FA-9C20-71773582243A}.Debug|Any CPU.Build.0 = Debug|Any CPU
		{E1764F8A-42FF-42FA-9C20-71773582243A}.Release|Any CPU.ActiveCfg = Release|Any CPU
		{E1764F8A-42FF-42FA-9C20-71773582243A}.Release|Any CPU.Build.0 = Release|Any CPU
		{A78B58AD-F086-4F44-8C99-51D68E225AA7}.Debug|Any CPU.ActiveCfg = Debug|Any CPU
		{A78B58AD-F086-4F44-8C99-51D68E225AA7}.Debug|Any CPU.Build.0 = Debug|Any CPU
		{A78B58AD-F086-4F44-8C99-51D68E225AA7}.Release|Any CPU.ActiveCfg = Release|Any CPU
		{A78B58AD-F086-4F44-8C99-51D68E225AA7}.Release|Any CPU.Build.0 = Release|Any CPU
	EndGlobalSection
	GlobalSection(SolutionProperties) = preSolution
		HideSolutionNode = FALSE
	EndGlobalSection
	GlobalSection(ExtensibilityGlobals) = postSolution
		SolutionGuid = {69F3656F-1C2E-4CC3-968F-6CFC908E4288}
	EndGlobalSection
EndGlobal
