
Microsoft Visual Studio Solution File, Format Version 12.00
# Visual Studio Version 17
VisualStudioVersion = 17.4.33403.182
MinimumVisualStudioVersion = 10.0.40219.1
Project("{9A19103F-16F7-4668-BE54-9A1E7A4F7556}") = "BioImager", "BioImager.csproj", "{CC49B76C-BE6F-4094-8554-072028B4D391}"
EndProject
Project("{9A19103F-16F7-4668-BE54-9A1E7A4F7556}") = "BioImagerApp", "..\BioImagerApp\BioImagerApp.csproj", "{ABEA991F-31CB-463D-8750-753629A60C86}"
EndProject
Project("{54435603-DBB4-11D2-8724-00A0C9A8B90C}") = "BioImagerSetup", "..\BioImagerSetup\BioImagerSetup.vdproj", "{79821A0A-EA5C-4DFE-9DAC-2FFF3FF897D1}"
EndProject
Global
	GlobalSection(SolutionConfigurationPlatforms) = preSolution
		Debug|Any CPU = Debug|Any CPU
		Debug|ARM64 = Debug|ARM64
		Debug|x64 = Debug|x64
		Release|Any CPU = Release|Any CPU
		Release|ARM64 = Release|ARM64
		Release|x64 = Release|x64
	EndGlobalSection
	GlobalSection(ProjectConfigurationPlatforms) = postSolution
		{CC49B76C-BE6F-4094-8554-072028B4D391}.Debug|Any CPU.ActiveCfg = Debug|Any CPU
		{CC49B76C-BE6F-4094-8554-072028B4D391}.Debug|Any CPU.Build.0 = Debug|Any CPU
		{CC49B76C-BE6F-4094-8554-072028B4D391}.Debug|ARM64.ActiveCfg = Debug|Any CPU
		{CC49B76C-BE6F-4094-8554-072028B4D391}.Debug|ARM64.Build.0 = Debug|Any CPU
		{CC49B76C-BE6F-4094-8554-072028B4D391}.Debug|x64.ActiveCfg = Debug|x64
		{CC49B76C-BE6F-4094-8554-072028B4D391}.Debug|x64.Build.0 = Debug|x64
		{CC49B76C-BE6F-4094-8554-072028B4D391}.Release|Any CPU.ActiveCfg = Release|Any CPU
		{CC49B76C-BE6F-4094-8554-072028B4D391}.Release|Any CPU.Build.0 = Release|Any CPU
		{CC49B76C-BE6F-4094-8554-072028B4D391}.Release|ARM64.ActiveCfg = Release|Any CPU
		{CC49B76C-BE6F-4094-8554-072028B4D391}.Release|ARM64.Build.0 = Release|Any CPU
		{CC49B76C-BE6F-4094-8554-072028B4D391}.Release|x64.ActiveCfg = Release|Any CPU
		{CC49B76C-BE6F-4094-8554-072028B4D391}.Release|x64.Build.0 = Release|Any CPU
		{ABEA991F-31CB-463D-8750-753629A60C86}.Debug|Any CPU.ActiveCfg = Debug|Any CPU
		{ABEA991F-31CB-463D-8750-753629A60C86}.Debug|Any CPU.Build.0 = Debug|Any CPU
		{ABEA991F-31CB-463D-8750-753629A60C86}.Debug|ARM64.ActiveCfg = Debug|Any CPU
		{ABEA991F-31CB-463D-8750-753629A60C86}.Debug|ARM64.Build.0 = Debug|Any CPU
		{ABEA991F-31CB-463D-8750-753629A60C86}.Debug|x64.ActiveCfg = Debug|x64
		{ABEA991F-31CB-463D-8750-753629A60C86}.Debug|x64.Build.0 = Debug|x64
		{ABEA991F-31CB-463D-8750-753629A60C86}.Release|Any CPU.ActiveCfg = Release|Any CPU
		{ABEA991F-31CB-463D-8750-753629A60C86}.Release|Any CPU.Build.0 = Release|Any CPU
		{ABEA991F-31CB-463D-8750-753629A60C86}.Release|ARM64.ActiveCfg = Release|Any CPU
		{ABEA991F-31CB-463D-8750-753629A60C86}.Release|ARM64.Build.0 = Release|Any CPU
		{ABEA991F-31CB-463D-8750-753629A60C86}.Release|x64.ActiveCfg = Release|x64
		{ABEA991F-31CB-463D-8750-753629A60C86}.Release|x64.Build.0 = Release|x64
		{79821A0A-EA5C-4DFE-9DAC-2FFF3FF897D1}.Debug|Any CPU.ActiveCfg = Debug
		{79821A0A-EA5C-4DFE-9DAC-2FFF3FF897D1}.Debug|ARM64.ActiveCfg = Debug
		{79821A0A-EA5C-4DFE-9DAC-2FFF3FF897D1}.Debug|x64.ActiveCfg = Debug
		{79821A0A-EA5C-4DFE-9DAC-2FFF3FF897D1}.Release|Any CPU.ActiveCfg = Release
		{79821A0A-EA5C-4DFE-9DAC-2FFF3FF897D1}.Release|ARM64.ActiveCfg = Release
		{79821A0A-EA5C-4DFE-9DAC-2FFF3FF897D1}.Release|x64.ActiveCfg = Release
		{79821A0A-EA5C-4DFE-9DAC-2FFF3FF897D1}.Release|x64.Build.0 = Release
	EndGlobalSection
	GlobalSection(SolutionProperties) = preSolution
		HideSolutionNode = FALSE
	EndGlobalSection
	GlobalSection(ExtensibilityGlobals) = postSolution
		SolutionGuid = {69F3656F-1C2E-4CC3-968F-6CFC908E4288}
	EndGlobalSection
EndGlobal
